{
  "version": 4,
  "terraform_version": "1.15.2",
  "serial": 10,
  "lineage": "07994754-7ad2-c026-3cf0-f5d39f36a068",
  "outputs": {
    "public_ip_address": {
      "value": "20.198.122.203",
      "type": "string"
    }
  },
  "resources": [
    {
      "mode": "managed",
      "type": "azurerm_linux_virtual_machine",
      "name": "vm",
      "provider": "provider[\"registry.terraform.io/hashicorp/azurerm\"]",
      "instances": [
        {
          "schema_version": 0,
          "attributes": {
            "additional_capabilities": [],
            "admin_password": "Azure@123456",
            "admin_ssh_key": [],
            "admin_username": "azureuser",
            "allow_extension_operations": true,
            "availability_set_id": "",
            "boot_diagnostics": [],
            "bypass_platform_safety_checks_on_user_schedule_enabled": false,
            "capacity_reservation_group_id": "",
            "computer_name": "docker-vm",
            "custom_data": "IyEvYmluL2Jhc2gNCg0KYXB0IHVwZGF0ZSAteQ0KDQojIEluc3RhbGwgRG9ja2VyDQphcHQgaW5zdGFsbCBkb2NrZXIuaW8gLXkNCg0Kc3lzdGVtY3RsIHN0YXJ0IGRvY2tlcg0Kc3lzdGVtY3RsIGVuYWJsZSBkb2NrZXINCg0KIyBQdWxsIE5naW54IEltYWdlDQpkb2NrZXIgcHVsbCBuZ2lueA0KDQojIFJ1biBDb250YWluZXINCmRvY2tlciBydW4gLWQgLXAgODA6ODAgLS1uYW1lIG15bmdpbnggbmdpbngNCg0K",
            "dedicated_host_group_id": "",
            "dedicated_host_id": "",
            "disable_password_authentication": false,
            "disk_controller_type": "",
            "edge_zone": "",
            "encryption_at_host_enabled": false,
            "eviction_policy": "",
            "extensions_time_budget": "PT1H30M",
            "gallery_application": [],
            "id": "/subscriptions/3bc8f069-65c7-4d08-b8de-534c20e56c38/resourceGroups/docker-rg/providers/Microsoft.Compute/virtualMachines/docker-vm",
            "identity": [],
            "license_type": "",
            "location": "centralindia",
            "max_bid_price": -1,
            "name": "docker-vm",
            "network_interface_ids": [
              "/subscriptions/3bc8f069-65c7-4d08-b8de-534c20e56c38/resourceGroups/docker-rg/providers/Microsoft.Network/networkInterfaces/docker-nic"
            ],
            "os_disk": [
              {
                "caching": "ReadWrite",
                "diff_disk_settings": [],
                "disk_encryption_set_id": "",
                "disk_size_gb": 30,
                "id": "/subscriptions/3bc8f069-65c7-4d08-b8de-534c20e56c38/resourceGroups/docker-rg/providers/Microsoft.Compute/disks/docker-vm_disk1_c00b624fb81a4857ad8d36756b7fddf3",
                "name": "docker-vm_disk1_c00b624fb81a4857ad8d36756b7fddf3",
                "secure_vm_disk_encryption_set_id": "",
                "security_encryption_type": "",
                "storage_account_type": "Standard_LRS",
                "write_accelerator_enabled": false
              }
            ],
            "os_image_notification": [],
            "os_managed_disk_id": "/subscriptions/3bc8f069-65c7-4d08-b8de-534c20e56c38/resourceGroups/docker-rg/providers/Microsoft.Compute/disks/docker-vm_disk1_c00b624fb81a4857ad8d36756b7fddf3",
            "patch_assessment_mode": "ImageDefault",
            "patch_mode": "ImageDefault",
            "plan": [],
            "platform_fault_domain": -1,
            "priority": "Regular",
            "private_ip_address": "10.0.1.4",
            "private_ip_addresses": [
              "10.0.1.4"
            ],
            "provision_vm_agent": true,
            "proximity_placement_group_id": "",
            "public_ip_address": "20.198.122.203",
            "public_ip_addresses": [
              "20.198.122.203"
            ],
            "reboot_setting": "",
            "resource_group_name": "docker-rg",
            "secret": [],
            "secure_boot_enabled": false,
            "size": "Standard_B1s",
            "source_image_id": "",
            "source_image_reference": [
              {
                "offer": "0001-com-ubuntu-server-jammy",
                "publisher": "Canonical",
                "sku": "22_04-lts",
                "version": "latest"
              }
            ],
            "tags": {},
            "termination_notification": [],
            "timeouts": null,
            "user_data": "",
            "virtual_machine_id": "2b0b66ea-9b59-43c5-9b2b-be9ed701446f",
            "virtual_machine_scale_set_id": "",
            "vm_agent_platform_updates_enabled": false,
            "vtpm_enabled": false,
            "zone": ""
          },
          "sensitive_attributes": [
            [
              {
                "type": "get_attr",
                "value": "admin_password"
              }
            ],
            [
              {
                "type": "get_attr",
                "value": "custom_data"
              }
            ]
          ],
          "identity_schema_version": 0,
          "private": "eyJlMmJmYjczMC1lY2FhLTExZTYtOGY4OC0zNDM2M2JjN2M0YzAiOnsiY3JlYXRlIjoyNzAwMDAwMDAwMDAwLCJkZWxldGUiOjI3MDAwMDAwMDAwMDAsInJlYWQiOjMwMDAwMDAwMDAwMCwidXBkYXRlIjoyNzAwMDAwMDAwMDAwfX0=",
          "dependencies": [
            "azurerm_network_interface.nic",
            "azurerm_public_ip.pip",
            "azurerm_resource_group.rg",
            "azurerm_subnet.subnet",
            "azurerm_virtual_network.vnet"
          ]
        }
      ]
    },
    {
      "mode": "managed",
      "type": "azurerm_network_interface",
      "name": "nic",
      "provider": "provider[\"registry.terraform.io/hashicorp/azurerm\"]",
      "instances": [
        {
          "schema_version": 0,
          "attributes": {
            "accelerated_networking_enabled": false,
            "applied_dns_servers": [],
            "auxiliary_mode": "",
            "auxiliary_sku": "",
            "dns_servers": [],
            "edge_zone": "",
            "id": "/subscriptions/3bc8f069-65c7-4d08-b8de-534c20e56c38/resourceGroups/docker-rg/providers/Microsoft.Network/networkInterfaces/docker-nic",
            "internal_dns_name_label": "",
            "internal_domain_name_suffix": "vxhgl4lukkmufarj5ftyziku1b.rx.internal.cloudapp.net",
            "ip_configuration": [
              {
                "gateway_load_balancer_frontend_ip_configuration_id": "",
                "name": "internal",
                "primary": true,
                "private_ip_address": "10.0.1.4",
                "private_ip_address_allocation": "Dynamic",
                "private_ip_address_version": "IPv4",
                "public_ip_address_id": "/subscriptions/3bc8f069-65c7-4d08-b8de-534c20e56c38/resourceGroups/docker-rg/providers/Microsoft.Network/publicIPAddresses/docker-public-ip",
                "subnet_id": "/subscriptions/3bc8f069-65c7-4d08-b8de-534c20e56c38/resourceGroups/docker-rg/providers/Microsoft.Network/virtualNetworks/docker-vnet/subnets/docker-subnet"
              }
            ],
            "ip_forwarding_enabled": false,
            "location": "centralindia",
            "mac_address": "7C-1E-52-3A-B2-74",
            "name": "docker-nic",
            "private_ip_address": "10.0.1.4",
            "private_ip_addresses": [
              "10.0.1.4"
            ],
            "resource_group_name": "docker-rg",
            "tags": {},
            "timeouts": null,
            "virtual_machine_id": "/subscriptions/3bc8f069-65c7-4d08-b8de-534c20e56c38/resourceGroups/docker-rg/providers/Microsoft.Compute/virtualMachines/docker-vm"
          },
          "sensitive_attributes": [],
          "identity_schema_version": 0,
          "identity": {
            "name": "docker-nic",
            "resource_group_name": "docker-rg",
            "subscription_id": "3bc8f069-65c7-4d08-b8de-534c20e56c38"
          },
          "private": "eyJlMmJmYjczMC1lY2FhLTExZTYtOGY4OC0zNDM2M2JjN2M0YzAiOnsiY3JlYXRlIjoxODAwMDAwMDAwMDAwLCJkZWxldGUiOjE4MDAwMDAwMDAwMDAsInJlYWQiOjMwMDAwMDAwMDAwMCwidXBkYXRlIjoxODAwMDAwMDAwMDAwfX0=",
          "dependencies": [
            "azurerm_public_ip.pip",
            "azurerm_resource_group.rg",
            "azurerm_subnet.subnet",
            "azurerm_virtual_network.vnet"
          ]
        }
      ]
    },
    {
      "mode": "managed",
      "type": "azurerm_network_interface_security_group_association",
      "name": "assoc",
      "provider": "provider[\"registry.terraform.io/hashicorp/azurerm\"]",
      "instances": [
        {
          "schema_version": 0,
          "attributes": {
            "id": "/subscriptions/3bc8f069-65c7-4d08-b8de-534c20e56c38/resourceGroups/docker-rg/providers/Microsoft.Network/networkInterfaces/docker-nic|/subscriptions/3bc8f069-65c7-4d08-b8de-534c20e56c38/resourceGroups/docker-rg/providers/Microsoft.Network/networkSecurityGroups/docker-nsg",
            "network_interface_id": "/subscriptions/3bc8f069-65c7-4d08-b8de-534c20e56c38/resourceGroups/docker-rg/providers/Microsoft.Network/networkInterfaces/docker-nic",
            "network_security_group_id": "/subscriptions/3bc8f069-65c7-4d08-b8de-534c20e56c38/resourceGroups/docker-rg/providers/Microsoft.Network/networkSecurityGroups/docker-nsg",
            "timeouts": null
          },
          "sensitive_attributes": [],
          "identity_schema_version": 0,
          "private": "eyJlMmJmYjczMC1lY2FhLTExZTYtOGY4OC0zNDM2M2JjN2M0YzAiOnsiY3JlYXRlIjoxODAwMDAwMDAwMDAwLCJkZWxldGUiOjE4MDAwMDAwMDAwMDAsInJlYWQiOjMwMDAwMDAwMDAwMH19",
          "dependencies": [
            "azurerm_network_interface.nic",
            "azurerm_network_security_group.nsg",
            "azurerm_public_ip.pip",
            "azurerm_resource_group.rg",
            "azurerm_subnet.subnet",
            "azurerm_virtual_network.vnet"
          ]
        }
      ]
    },
    {
      "mode": "managed",
      "type": "azurerm_network_security_group",
      "name": "nsg",
      "provider": "provider[\"registry.terraform.io/hashicorp/azurerm\"]",
      "instances": [
        {
          "schema_version": 0,
          "attributes": {
            "id": "/subscriptions/3bc8f069-65c7-4d08-b8de-534c20e56c38/resourceGroups/docker-rg/providers/Microsoft.Network/networkSecurityGroups/docker-nsg",
            "location": "centralindia",
            "name": "docker-nsg",
            "resource_group_name": "docker-rg",
            "security_rule": [
              {
                "access": "Allow",
                "description": "",
                "destination_address_prefix": "*",
                "destination_address_prefixes": [],
                "destination_application_security_group_ids": [],
                "destination_port_range": "22",
                "destination_port_ranges": [],
                "direction": "Inbound",
                "name": "AllowSSH",
                "priority": 101,
                "protocol": "Tcp",
                "source_address_prefix": "*",
                "source_address_prefixes": [],
                "source_application_security_group_ids": [],
                "source_port_range": "*",
                "source_port_ranges": []
              },
              {
                "access": "Allow",
                "description": "",
                "destination_address_prefix": "*",
                "destination_address_prefixes": [],
                "destination_application_security_group_ids": [],
                "destination_port_range": "80",
                "destination_port_ranges": [],
                "direction": "Inbound",
                "name": "AllowHTTP",
                "priority": 100,
                "protocol": "Tcp",
                "source_address_prefix": "*",
                "source_address_prefixes": [],
                "source_application_security_group_ids": [],
                "source_port_range": "*",
                "source_port_ranges": []
              }
            ],
            "tags": {},
            "timeouts": null
          },
          "sensitive_attributes": [],
          "identity_schema_version": 0,
          "identity": {
            "name": "docker-nsg",
            "resource_group_name": "docker-rg",
            "subscription_id": "3bc8f069-65c7-4d08-b8de-534c20e56c38"
          },
          "private": "eyJlMmJmYjczMC1lY2FhLTExZTYtOGY4OC0zNDM2M2JjN2M0YzAiOnsiY3JlYXRlIjoxODAwMDAwMDAwMDAwLCJkZWxldGUiOjE4MDAwMDAwMDAwMDAsInJlYWQiOjMwMDAwMDAwMDAwMCwidXBkYXRlIjoxODAwMDAwMDAwMDAwfX0=",
          "dependencies": [
            "azurerm_resource_group.rg"
          ]
        }
      ]
    },
    {
      "mode": "managed",
      "type": "azurerm_public_ip",
      "name": "pip",
      "provider": "provider[\"registry.terraform.io/hashicorp/azurerm\"]",
      "instances": [
        {
          "schema_version": 0,
          "attributes": {
            "allocation_method": "Static",
            "ddos_protection_mode": "VirtualNetworkInherited",
            "ddos_protection_plan_id": null,
            "domain_name_label": "",
            "domain_name_label_scope": "",
            "edge_zone": "",
            "fqdn": "",
            "id": "/subscriptions/3bc8f069-65c7-4d08-b8de-534c20e56c38/resourceGroups/docker-rg/providers/Microsoft.Network/publicIPAddresses/docker-public-ip",
            "idle_timeout_in_minutes": 4,
            "ip_address": "20.198.122.203",
            "ip_tags": {},
            "ip_version": "IPv4",
            "location": "centralindia",
            "name": "docker-public-ip",
            "public_ip_prefix_id": null,
            "resource_group_name": "docker-rg",
            "reverse_fqdn": "",
            "sku": "Standard",
            "sku_tier": "Regional",
            "tags": {},
            "timeouts": null,
            "zones": []
          },
          "sensitive_attributes": [],
          "identity_schema_version": 0,
          "identity": {
            "name": "docker-public-ip",
            "resource_group_name": "docker-rg",
            "subscription_id": "3bc8f069-65c7-4d08-b8de-534c20e56c38"
          },
          "private": "eyJlMmJmYjczMC1lY2FhLTExZTYtOGY4OC0zNDM2M2JjN2M0YzAiOnsiY3JlYXRlIjoxODAwMDAwMDAwMDAwLCJkZWxldGUiOjE4MDAwMDAwMDAwMDAsInJlYWQiOjMwMDAwMDAwMDAwMCwidXBkYXRlIjoxODAwMDAwMDAwMDAwfX0=",
          "dependencies": [
            "azurerm_resource_group.rg"
          ]
        }
      ]
    },
    {
      "mode": "managed",
      "type": "azurerm_resource_group",
      "name": "rg",
      "provider": "provider[\"registry.terraform.io/hashicorp/azurerm\"]",
      "instances": [
        {
          "schema_version": 0,
          "attributes": {
            "id": "/subscriptions/3bc8f069-65c7-4d08-b8de-534c20e56c38/resourceGroups/docker-rg",
            "location": "centralindia",
            "managed_by": "",
            "name": "docker-rg",
            "tags": {},
            "timeouts": null
          },
          "sensitive_attributes": [],
          "identity_schema_version": 0,
          "identity": {
            "name": "docker-rg",
            "subscription_id": "3bc8f069-65c7-4d08-b8de-534c20e56c38"
          },
          "private": "eyJlMmJmYjczMC1lY2FhLTExZTYtOGY4OC0zNDM2M2JjN2M0YzAiOnsiY3JlYXRlIjo1NDAwMDAwMDAwMDAwLCJkZWxldGUiOjU0MDAwMDAwMDAwMDAsInJlYWQiOjMwMDAwMDAwMDAwMCwidXBkYXRlIjo1NDAwMDAwMDAwMDAwfX0="
        }
      ]
    },
    {
      "mode": "managed",
      "type": "azurerm_subnet",
      "name": "subnet",
      "provider": "provider[\"registry.terraform.io/hashicorp/azurerm\"]",
      "instances": [
        {
          "schema_version": 0,
          "attributes": {
            "address_prefixes": [
              "10.0.1.0/24"
            ],
            "default_outbound_access_enabled": true,
            "delegation": [],
            "id": "/subscriptions/3bc8f069-65c7-4d08-b8de-534c20e56c38/resourceGroups/docker-rg/providers/Microsoft.Network/virtualNetworks/docker-vnet/subnets/docker-subnet",
            "ip_address_pool": [],
            "name": "docker-subnet",
            "private_endpoint_network_policies": "Disabled",
            "private_link_service_network_policies_enabled": true,
            "resource_group_name": "docker-rg",
            "service_endpoint_policy_ids": [],
            "service_endpoints": [],
            "sharing_scope": "",
            "timeouts": null,
            "virtual_network_name": "docker-vnet"
          },
          "sensitive_attributes": [],
          "identity_schema_version": 0,
          "identity": {
            "name": "docker-subnet",
            "resource_group_name": "docker-rg",
            "subscription_id": "3bc8f069-65c7-4d08-b8de-534c20e56c38",
            "virtual_network_name": "docker-vnet"
          },
          "private": "eyJlMmJmYjczMC1lY2FhLTExZTYtOGY4OC0zNDM2M2JjN2M0YzAiOnsiY3JlYXRlIjoxODAwMDAwMDAwMDAwLCJkZWxldGUiOjE4MDAwMDAwMDAwMDAsInJlYWQiOjMwMDAwMDAwMDAwMCwidXBkYXRlIjoxODAwMDAwMDAwMDAwfX0=",
          "dependencies": [
            "azurerm_resource_group.rg",
            "azurerm_virtual_network.vnet"
          ]
        }
      ]
    },
    {
      "mode": "managed",
      "type": "azurerm_virtual_network",
      "name": "vnet",
      "provider": "provider[\"registry.terraform.io/hashicorp/azurerm\"]",
      "instances": [
        {
          "schema_version": 0,
          "attributes": {
            "address_space": [
              "10.0.0.0/16"
            ],
            "bgp_community": "",
            "ddos_protection_plan": [],
            "dns_servers": [],
            "edge_zone": "",
            "encryption": [],
            "flow_timeout_in_minutes": 0,
            "guid": "f965cead-5274-4299-8229-f9678ca154d9",
            "id": "/subscriptions/3bc8f069-65c7-4d08-b8de-534c20e56c38/resourceGroups/docker-rg/providers/Microsoft.Network/virtualNetworks/docker-vnet",
            "ip_address_pool": [],
            "location": "centralindia",
            "name": "docker-vnet",
            "private_endpoint_vnet_policies": "Disabled",
            "resource_group_name": "docker-rg",
            "subnet": [
              {
                "address_prefixes": [
                  "10.0.1.0/24"
                ],
                "default_outbound_access_enabled": true,
                "delegation": [],
                "id": "/subscriptions/3bc8f069-65c7-4d08-b8de-534c20e56c38/resourceGroups/docker-rg/providers/Microsoft.Network/virtualNetworks/docker-vnet/subnets/docker-subnet",
                "name": "docker-subnet",
                "private_endpoint_network_policies": "Disabled",
                "private_link_service_network_policies_enabled": true,
                "route_table_id": "",
                "security_group": "",
                "service_endpoint_policy_ids": [],
                "service_endpoints": []
              }
            ],
            "tags": {},
            "timeouts": null
          },
          "sensitive_attributes": [],
          "identity_schema_version": 0,
          "identity": {
            "name": "docker-vnet",
            "resource_group_name": "docker-rg",
            "subscription_id": "3bc8f069-65c7-4d08-b8de-534c20e56c38"
          },
          "private": "eyJlMmJmYjczMC1lY2FhLTExZTYtOGY4OC0zNDM2M2JjN2M0YzAiOnsiY3JlYXRlIjoxODAwMDAwMDAwMDAwLCJkZWxldGUiOjE4MDAwMDAwMDAwMDAsInJlYWQiOjMwMDAwMDAwMDAwMCwidXBkYXRlIjoxODAwMDAwMDAwMDAwfX0=",
          "dependencies": [
            "azurerm_resource_group.rg"
          ]
        }
      ]
    }
  ],
  "check_results": null
}
